
Microsoft Visual Studio Solution File, Format Version 12.00
# Visual Studio Version 16
VisualStudioVersion = 16.0.30709.132
MinimumVisualStudioVersion = 10.0.40219.1
Project("{FAE04EC0-301F-11D3-BF4B-00C04F79EFBC}") = "ObserverPatternDemo", "ObserverPatternDemo\ObserverPatternDemo.csproj", "{F62AA3A3-E35A-472A-8A98-68BEBDBC5419}"
EndProject
Global
	GlobalSection(SolutionConfigurationPlatforms) = preSolution
		Debug|Any CPU = Debug|Any CPU
		Release|Any CPU = Release|Any CPU
	EndGlobalSection
	GlobalSection(ProjectConfigurationPlatforms) = postSolution
		{F62AA3A3-E35A-472A-8A98-68BEBDBC5419}.Debug|Any CPU.ActiveCfg = Debug|Any CPU
		{F62AA3A3-E35A-472A-8A98-68BEBDBC5419}.Debug|Any CPU.Build.0 = Debug|Any CPU
		{F62AA3A3-E35A-472A-8A98-68BEBDBC5419}.Release|Any CPU.ActiveCfg = Release|Any CPU
		{F62AA3A3-E35A-472A-8A98-68BEBDBC5419}.Release|Any CPU.Build.0 = Release|Any CPU
	EndGlobalSection
	GlobalSection(SolutionProperties) = preSolution
		HideSolutionNode = FALSE
	EndGlobalSection
	GlobalSection(ExtensibilityGlobals) = postSolution
		SolutionGuid = {5F30EA2B-8ECF-401F-985E-569ABB3725FD}
	EndGlobalSection
EndGlobal
