
Microsoft Visual Studio Solution File, Format Version 12.00
# Visual Studio Version 16
VisualStudioVersion = 16.0.30413.136
MinimumVisualStudioVersion = 10.0.40219.1
Project("{FAE04EC0-301F-11D3-BF4B-00C04F79EFBC}") = "ObserverPatterns", "ObserverPatterns\ObserverPatterns.csproj", "{ABF084DB-14EE-4E14-A099-AA0F419D6007}"
EndProject
Global
	GlobalSection(SolutionConfigurationPlatforms) = preSolution
		Debug|Any CPU = Debug|Any CPU
		Release|Any CPU = Release|Any CPU
	EndGlobalSection
	GlobalSection(ProjectConfigurationPlatforms) = postSolution
		{ABF084DB-14EE-4E14-A099-AA0F419D6007}.Debug|Any CPU.ActiveCfg = Debug|Any CPU
		{ABF084DB-14EE-4E14-A099-AA0F419D6007}.Debug|Any CPU.Build.0 = Debug|Any CPU
		{ABF084DB-14EE-4E14-A099-AA0F419D6007}.Release|Any CPU.ActiveCfg = Release|Any CPU
		{ABF084DB-14EE-4E14-A099-AA0F419D6007}.Release|Any CPU.Build.0 = Release|Any CPU
	EndGlobalSection
	GlobalSection(SolutionProperties) = preSolution
		HideSolutionNode = FALSE
	EndGlobalSection
	GlobalSection(ExtensibilityGlobals) = postSolution
		SolutionGuid = {80ED4D99-D2E9-499D-B703-0CC17641C20B}
	EndGlobalSection
EndGlobal
